
Microsoft Visual Studio Solution File, Format Version 12.00
# Visual Studio Version 17
VisualStudioVersion = 17.8.34322.80
MinimumVisualStudioVersion = 10.0.40219.1
Project("{9A19103F-16F7-4668-BE54-9A1E7A4F7556}") = "Usage", "Usage\Usage.csproj", "{222148E0-4FC0-4167-B312-5D76786D5A67}"
EndProject
Project("{2150E333-8FDC-42A3-9474-1A3956D46DE8}") = "Provider", "Provider", "{308134E5-A9A4-4E85-9344-4F3506C1073D}"
EndProject
Project("{2150E333-8FDC-42A3-9474-1A3956D46DE8}") = "Serialization", "Serialization", "{EE290804-DF69-4EB9-8BD6-D2E1B1A97C01}"
EndProject
Project("{2150E333-8FDC-42A3-9474-1A3956D46DE8}") = "Core", "Core", "{B6C237EC-81F9-4A8B-A94C-0C6CDA727A02}"
EndProject
Project("{9A19103F-16F7-4668-BE54-9A1E7A4F7556}") = "Serialization.Core", "Serialization\Serialization.Core\Serialization.Core.csproj", "{2AEED5F5-4F02-4641-88EA-720A589C025A}"
EndProject
Project("{9A19103F-16F7-4668-BE54-9A1E7A4F7556}") = "Provider.Redis", "Provider\Provider.Redis\Provider.Redis.csproj", "{317E0355-1F11-4326-BCA1-87DF35EAE397}"
EndProject
Project("{9A19103F-16F7-4668-BE54-9A1E7A4F7556}") = "Serialization.Json", "Serialization\Serialization.Json\Serialization.Json.csproj", "{3B43D9AC-986F-47CD-975C-77902A233018}"
EndProject
Project("{9A19103F-16F7-4668-BE54-9A1E7A4F7556}") = "MessageBroker.Core", "Core\MessageBroker.Core\MessageBroker.Core.csproj", "{93483057-DC06-4692-9B7E-9045121A4722}"
EndProject
Project("{2150E333-8FDC-42A3-9474-1A3956D46DE8}") = "Tools", "Tools", "{76CC5A85-07F3-4BFC-92D3-B94F4FF40F5D}"
EndProject
Project("{9A19103F-16F7-4668-BE54-9A1E7A4F7556}") = "SecretStore", "Tools\SecretStore\SecretStore.csproj", "{1213774A-0334-4F03-BAD6-7925DDA89919}"
EndProject
Project("{9A19103F-16F7-4668-BE54-9A1E7A4F7556}") = "Provider.RabbitMQ", "Provider\Provider.RabbitMQ\Provider.RabbitMQ.csproj", "{C7E088D0-7C96-46CE-ADE2-C2E6BA75F4F5}"
EndProject
Project("{FAE04EC0-301F-11D3-BF4B-00C04F79EFBC}") = "Provider.Kafka", "Provider\Provider.Kafka\Provider.Kafka.csproj", "{B49CE2E9-2DC3-4244-8721-1F869702B83B}"
EndProject
Global
	GlobalSection(SolutionConfigurationPlatforms) = preSolution
		Debug|Any CPU = Debug|Any CPU
		Release|Any CPU = Release|Any CPU
	EndGlobalSection
	GlobalSection(ProjectConfigurationPlatforms) = postSolution
		{222148E0-4FC0-4167-B312-5D76786D5A67}.Debug|Any CPU.ActiveCfg = Debug|Any CPU
		{222148E0-4FC0-4167-B312-5D76786D5A67}.Debug|Any CPU.Build.0 = Debug|Any CPU
		{222148E0-4FC0-4167-B312-5D76786D5A67}.Release|Any CPU.ActiveCfg = Release|Any CPU
		{222148E0-4FC0-4167-B312-5D76786D5A67}.Release|Any CPU.Build.0 = Release|Any CPU
		{2AEED5F5-4F02-4641-88EA-720A589C025A}.Debug|Any CPU.ActiveCfg = Debug|Any CPU
		{2AEED5F5-4F02-4641-88EA-720A589C025A}.Debug|Any CPU.Build.0 = Debug|Any CPU
		{2AEED5F5-4F02-4641-88EA-720A589C025A}.Release|Any CPU.ActiveCfg = Release|Any CPU
		{2AEED5F5-4F02-4641-88EA-720A589C025A}.Release|Any CPU.Build.0 = Release|Any CPU
		{317E0355-1F11-4326-BCA1-87DF35EAE397}.Debug|Any CPU.ActiveCfg = Debug|Any CPU
		{317E0355-1F11-4326-BCA1-87DF35EAE397}.Debug|Any CPU.Build.0 = Debug|Any CPU
		{317E0355-1F11-4326-BCA1-87DF35EAE397}.Release|Any CPU.ActiveCfg = Release|Any CPU
		{317E0355-1F11-4326-BCA1-87DF35EAE397}.Release|Any CPU.Build.0 = Release|Any CPU
		{3B43D9AC-986F-47CD-975C-77902A233018}.Debug|Any CPU.ActiveCfg = Debug|Any CPU
		{3B43D9AC-986F-47CD-975C-77902A233018}.Debug|Any CPU.Build.0 = Debug|Any CPU
		{3B43D9AC-986F-47CD-975C-77902A233018}.Release|Any CPU.ActiveCfg = Release|Any CPU
		{3B43D9AC-986F-47CD-975C-77902A233018}.Release|Any CPU.Build.0 = Release|Any CPU
		{93483057-DC06-4692-9B7E-9045121A4722}.Debug|Any CPU.ActiveCfg = Debug|Any CPU
		{93483057-DC06-4692-9B7E-9045121A4722}.Debug|Any CPU.Build.0 = Debug|Any CPU
		{93483057-DC06-4692-9B7E-9045121A4722}.Release|Any CPU.ActiveCfg = Release|Any CPU
		{93483057-DC06-4692-9B7E-9045121A4722}.Release|Any CPU.Build.0 = Release|Any CPU
		{1213774A-0334-4F03-BAD6-7925DDA89919}.Debug|Any CPU.ActiveCfg = Debug|Any CPU
		{1213774A-0334-4F03-BAD6-7925DDA89919}.Debug|Any CPU.Build.0 = Debug|Any CPU
		{1213774A-0334-4F03-BAD6-7925DDA89919}.Release|Any CPU.ActiveCfg = Release|Any CPU
		{1213774A-0334-4F03-BAD6-7925DDA89919}.Release|Any CPU.Build.0 = Release|Any CPU
		{C7E088D0-7C96-46CE-ADE2-C2E6BA75F4F5}.Debug|Any CPU.ActiveCfg = Debug|Any CPU
		{C7E088D0-7C96-46CE-ADE2-C2E6BA75F4F5}.Debug|Any CPU.Build.0 = Debug|Any CPU
		{C7E088D0-7C96-46CE-ADE2-C2E6BA75F4F5}.Release|Any CPU.ActiveCfg = Release|Any CPU
		{C7E088D0-7C96-46CE-ADE2-C2E6BA75F4F5}.Release|Any CPU.Build.0 = Release|Any CPU
		{B49CE2E9-2DC3-4244-8721-1F869702B83B}.Debug|Any CPU.ActiveCfg = Debug|Any CPU
		{B49CE2E9-2DC3-4244-8721-1F869702B83B}.Debug|Any CPU.Build.0 = Debug|Any CPU
		{B49CE2E9-2DC3-4244-8721-1F869702B83B}.Release|Any CPU.ActiveCfg = Release|Any CPU
		{B49CE2E9-2DC3-4244-8721-1F869702B83B}.Release|Any CPU.Build.0 = Release|Any CPU
	EndGlobalSection
	GlobalSection(SolutionProperties) = preSolution
		HideSolutionNode = FALSE
	EndGlobalSection
	GlobalSection(NestedProjects) = preSolution
		{2AEED5F5-4F02-4641-88EA-720A589C025A} = {EE290804-DF69-4EB9-8BD6-D2E1B1A97C01}
		{317E0355-1F11-4326-BCA1-87DF35EAE397} = {308134E5-A9A4-4E85-9344-4F3506C1073D}
		{3B43D9AC-986F-47CD-975C-77902A233018} = {EE290804-DF69-4EB9-8BD6-D2E1B1A97C01}
		{93483057-DC06-4692-9B7E-9045121A4722} = {B6C237EC-81F9-4A8B-A94C-0C6CDA727A02}
		{1213774A-0334-4F03-BAD6-7925DDA89919} = {76CC5A85-07F3-4BFC-92D3-B94F4FF40F5D}
		{C7E088D0-7C96-46CE-ADE2-C2E6BA75F4F5} = {308134E5-A9A4-4E85-9344-4F3506C1073D}
		{B49CE2E9-2DC3-4244-8721-1F869702B83B} = {308134E5-A9A4-4E85-9344-4F3506C1073D}
	EndGlobalSection
	GlobalSection(ExtensibilityGlobals) = postSolution
		SolutionGuid = {905A0649-8F00-4CAD-8623-12CED3AEDA63}
	EndGlobalSection
EndGlobal
